github.com/lala-supriyadi/go-say-hello v1.0.0 h1:vRIGEYxdP3dMfyBIcZ/M4FYPQ7haG/5aaMaBQGZyAeY=
github.com/lala-supriyadi/go-say-hello v1.0.0/go.mod h1:a6EUm2Ih5tOOlRmbWkxZcEcG+9uuyYZqHTOTkp5pTgI=
github.com/lala-supriyadi/go-say-hello v1.2.0 h1:xGTT1FRZ6iJgTUvgo6trAVEVHVCQTEKyYJAtf8V6/18=
github.com/lala-supriyadi/go-say-hello v1.2.0/go.mod h1:k9StSQs0FfWVoE4byXZkLnUD4GwVTh3Q/5LOEY5XcRE=
github.com/lala-supriyadi/go-say-hello/v2 v2.0.0 h1:tZPdk11hNAGZ20oez5RzXq32Wixn8kyXVXP45I5Laqo=
github.com/lala-supriyadi/go-say-hello/v2 v2.0.0/go.mod h1:HYR0HsT1n560pB6euhN6V9GlDIW1vSDtq1daEf41vhQ=
